{
  "name": "react-native-image-browser",
  "version": "1.0.1",
  "lockfileVersion": 1,
  "requires": true,
  "dependencies": {
    "react-native-image-pan-zoom": {
      "version": "2.1.11",
      "resolved": "https://registry.npmjs.org/react-native-image-pan-zoom/-/react-native-image-pan-zoom-2.1.11.tgz",
      "integrity": "sha512-ZCisGUFpPchHXsjT7ZI0anlSLPgcTmjRKXqpVnPu3RDWFXfKjuL4zpY57DX4Y8YgGZCpbf9fApN7KjVYody2Mw=="
    },
    "react-native-image-zoom-viewer": {
      "version": "2.2.26",
      "resolved": "https://registry.npmjs.org/react-native-image-zoom-viewer/-/react-native-image-zoom-viewer-2.2.26.tgz",
      "integrity": "sha512-Mh4+CJQCDcAumLFXLlDk8nQ5iMxNnupc9HwktsZ3I/v4HULcFPmTLDQ0HGAxjLa5foZRPnKDN06iKGsEb9raoA==",
      "requires": {
        "react-native-image-pan-zoom": "^2.1.9"
      }
    }
  }
}
